# Generated by pub
# See https://dart.dev/tools/pub/glossary#lockfile
packages:
  _fe_analyzer_shared:
    dependency: transitive
    description:
      name: _fe_analyzer_shared
      sha256: eb376e9acf6938204f90eb3b1f00b578640d3188b4c8a8ec054f9f479af8d051
      url: "https://pub.dev"
    source: hosted
    version: "64.0.0"
  _flutterfire_internals:
    dependency: transitive
    description:
      name: _flutterfire_internals
      sha256: "2f428053492f92303e42c9afa8e3a78ad1886760e7b594e2b5a6b6ee47376360"
      url: "https://pub.dev"
    source: hosted
    version: "1.0.2"
  analyzer:
    dependency: transitive
    description:
      name: analyzer
      sha256: "69f54f967773f6c26c7dcb13e93d7ccee8b17a641689da39e878d5cf13b06893"
      url: "https://pub.dev"
    source: hosted
    version: "6.2.0"
  args:
    dependency: transitive
    description:
      name: args
      sha256: b003c3098049a51720352d219b0bb5f219b60fbfb68e7a4748139a06a5676515
      url: "https://pub.dev"
    source: hosted
    version: "2.3.1"
  async:
    dependency: transitive
    description:
      name: async
      sha256: "947bfcf187f74dbc5e146c9eb9c0f10c9f8b30743e341481c1e2ed3ecc18c20c"
      url: "https://pub.dev"
    source: hosted
    version: "2.11.0"
  boolean_selector:
    dependency: transitive
    description:
      name: boolean_selector
      sha256: "6cfb5af12253eaf2b368f07bacc5a80d1301a071c73360d746b7f2e32d762c66"
      url: "https://pub.dev"
    source: hosted
    version: "2.1.1"
  build:
    dependency: transitive
    description:
      name: build
      sha256: "80184af8b6cb3e5c1c4ec6d8544d27711700bc3e6d2efad04238c7b5290889f0"
      url: "https://pub.dev"
    source: hosted
    version: "2.4.1"
  build_config:
    dependency: transitive
    description:
      name: build_config
      sha256: "5b7355c14258f5e7df24bad1566f7b991de3e54aeacfb94e1a65e5233d9739c1"
      url: "https://pub.dev"
    source: hosted
    version: "1.1.0"
  characters:
    dependency: transitive
    description:
      name: characters
      sha256: "04a925763edad70e8443c99234dc3328f442e811f1d8fd1a72f1c8ad0f69a605"
      url: "https://pub.dev"
    source: hosted
    version: "1.3.0"
  checked_yaml:
    dependency: transitive
    description:
      name: checked_yaml
      sha256: dd007e4fb8270916820a0d66e24f619266b60773cddd082c6439341645af2659
      url: "https://pub.dev"
    source: hosted
    version: "2.0.1"
  clock:
    dependency: transitive
    description:
      name: clock
      sha256: cb6d7f03e1de671e34607e909a7213e31d7752be4fb66a86d29fe1eb14bfb5cf
      url: "https://pub.dev"
    source: hosted
    version: "1.1.1"
  cloud_firestore:
    dependency: "direct main"
    description:
      name: cloud_firestore
      sha256: "9194bf1845ee073bea64ec94e72c9dcf5d15f755e96496d8ccfee9def38b666f"
      url: "https://pub.dev"
    source: hosted
    version: "3.5.1"
  cloud_firestore_platform_interface:
    dependency: transitive
    description:
      name: cloud_firestore_platform_interface
      sha256: d023142c18c28b2610c23c196e829c96976569cc2aa2f8e45328ae8a64c428d1
      url: "https://pub.dev"
    source: hosted
    version: "5.7.7"
  cloud_firestore_web:
    dependency: transitive
    description:
      name: cloud_firestore_web
      sha256: "3d7d4fa8c1dc5a1f7cb33985ae0ab9924d33d76d4959fe26aed84b7d282887e3"
      url: "https://pub.dev"
    source: hosted
    version: "2.8.10"
  collection:
    dependency: transitive
    description:
      name: collection
      sha256: f092b211a4319e98e5ff58223576de6c2803db36221657b46c82574721240687
      url: "https://pub.dev"
    source: hosted
    version: "1.17.2"
  convert:
    dependency: transitive
    description:
      name: convert
      sha256: "196284f26f69444b7f5c50692b55ec25da86d9e500451dc09333bf2e3ad69259"
      url: "https://pub.dev"
    source: hosted
    version: "3.0.2"
  country_phone_code_picker:
    dependency: "direct main"
    description:
      name: country_phone_code_picker
      sha256: "3ab7ab690ee48965fc6e2375b8e2b70ccf0a1b073ce441de845b3c47ea0a2c6d"
      url: "https://pub.dev"
    source: hosted
    version: "0.0.43"
  cpf_cnpj_validator:
    dependency: "direct main"
    description:
      name: cpf_cnpj_validator
      sha256: "2d52caefe720f7428d8fd12b5dc3a9603e137ae4eafe032b8f1bd104d3656bfb"
      url: "https://pub.dev"
    source: hosted
    version: "2.0.0"
  cross_file:
    dependency: transitive
    description:
      name: cross_file
      sha256: "7632a2bcddc8cef4afde3c6f80e69b29a7060e176f01119c229fe4eb3a2a3d4f"
      url: "https://pub.dev"
    source: hosted
    version: "0.3.3+1"
  crypto:
    dependency: "direct main"
    description:
      name: crypto
      sha256: ff625774173754681d66daaf4a448684fb04b78f902da9cb3d308c19cc5e8bab
      url: "https://pub.dev"
    source: hosted
    version: "3.0.3"
  csslib:
    dependency: transitive
    description:
      name: csslib
      sha256: "706b5707578e0c1b4b7550f64078f0a0f19dec3f50a178ffae7006b0a9ca58fb"
      url: "https://pub.dev"
    source: hosted
    version: "1.0.0"
  cupertino_icons:
    dependency: "direct main"
    description:
      name: cupertino_icons
      sha256: e35129dc44c9118cee2a5603506d823bab99c68393879edb440e0090d07586be
      url: "https://pub.dev"
    source: hosted
    version: "1.0.5"
  dart_style:
    dependency: transitive
    description:
      name: dart_style
      sha256: abd7625e16f51f554ea244d090292945ec4d4be7bfbaf2ec8cccea568919d334
      url: "https://pub.dev"
    source: hosted
    version: "2.3.3"
  dartz:
    dependency: "direct main"
    description:
      name: dartz
      sha256: e6acf34ad2e31b1eb00948692468c30ab48ac8250e0f0df661e29f12dd252168
      url: "https://pub.dev"
    source: hosted
    version: "0.10.1"
  fake_async:
    dependency: transitive
    description:
      name: fake_async
      sha256: "511392330127add0b769b75a987850d136345d9227c6b94c96a04cf4a391bf78"
      url: "https://pub.dev"
    source: hosted
    version: "1.3.1"
  file:
    dependency: transitive
    description:
      name: file
      sha256: b69516f2c26a5bcac4eee2e32512e1a5205ab312b3536c1c1227b2b942b5f9ad
      url: "https://pub.dev"
    source: hosted
    version: "6.1.2"
  file_selector_linux:
    dependency: transitive
    description:
      name: file_selector_linux
      sha256: "045d372bf19b02aeb69cacf8b4009555fb5f6f0b7ad8016e5f46dd1387ddd492"
      url: "https://pub.dev"
    source: hosted
    version: "0.9.2+1"
  file_selector_macos:
    dependency: transitive
    description:
      name: file_selector_macos
      sha256: b15c3da8bd4908b9918111fa486903f5808e388b8d1c559949f584725a6594d6
      url: "https://pub.dev"
    source: hosted
    version: "0.9.3+3"
  file_selector_platform_interface:
    dependency: transitive
    description:
      name: file_selector_platform_interface
      sha256: "0aa47a725c346825a2bd396343ce63ac00bda6eff2fbc43eabe99737dede8262"
      url: "https://pub.dev"
    source: hosted
    version: "2.6.1"
  file_selector_windows:
    dependency: transitive
    description:
      name: file_selector_windows
      sha256: d3547240c20cabf205c7c7f01a50ecdbc413755814d6677f3cb366f04abcead0
      url: "https://pub.dev"
    source: hosted
    version: "0.9.3+1"
  firebase_auth:
    dependency: "direct main"
    description:
      name: firebase_auth
      sha256: ca3034d35d6ca894487ec80aa1162a135fef7c5d0abef8154789cbeea3a6deaf
      url: "https://pub.dev"
    source: hosted
    version: "3.11.2"
  firebase_auth_platform_interface:
    dependency: transitive
    description:
      name: firebase_auth_platform_interface
      sha256: "1a13abdc5b0bfd9cd02c15332842ef03f728e5e393ab673d2fa87b05a9b67df0"
      url: "https://pub.dev"
    source: hosted
    version: "6.10.0"
  firebase_auth_web:
    dependency: transitive
    description:
      name: firebase_auth_web
      sha256: bbe4f4fffcc378ca05c3d8ff33853be86dd27d0fafc85a953acaf5190531b6f9
      url: "https://pub.dev"
    source: hosted
    version: "4.6.1"
  firebase_core:
    dependency: "direct main"
    description:
      name: firebase_core
      sha256: "4f1d7c13a909e82ff026679c9b8493cdeb35a9c76bc46c42bf9e2240c9e57e80"
      url: "https://pub.dev"
    source: hosted
    version: "1.24.0"
  firebase_core_platform_interface:
    dependency: transitive
    description:
      name: firebase_core_platform_interface
      sha256: b51257a8b4388565cd66062d727d3e60067b5f5cc3390eb0ecd20b8f97741bdb
      url: "https://pub.dev"
    source: hosted
    version: "4.5.1"
  firebase_core_web:
    dependency: transitive
    description:
      name: firebase_core_web
      sha256: "839f1b48032a61962792cea1225fae030d4f27163867f181d6d2072dd40acbee"
      url: "https://pub.dev"
    source: hosted
    version: "1.7.3"
  firebase_storage:
    dependency: "direct main"
    description:
      name: firebase_storage
      sha256: "1fe46462c9632db0f62db5b9f1abcb8d4232a6d3e7098d745f5790b71dedc822"
      url: "https://pub.dev"
    source: hosted
    version: "10.3.11"
  firebase_storage_platform_interface:
    dependency: transitive
    description:
      name: firebase_storage_platform_interface
      sha256: a4a1bed8764baf9b6d377d9870ebb2c65e13a38bc813cfaaf0ac2a37d422bcdd
      url: "https://pub.dev"
    source: hosted
    version: "4.1.19"
  firebase_storage_web:
    dependency: transitive
    description:
      name: firebase_storage_web
      sha256: "791516c9170ab6643282807913cf89ebb950d66206eb92ed154a847438047587"
      url: "https://pub.dev"
    source: hosted
    version: "3.3.9"
  flutter:
    dependency: "direct main"
    description: flutter
    source: sdk
    version: "0.0.0"
  flutter_google_places_sdk:
    dependency: "direct main"
    description:
      name: flutter_google_places_sdk
      sha256: "4151336bbc9d9afaf2567c294c0869e758e0422d1059555f817604971324e6bb"
      url: "https://pub.dev"
    source: hosted
    version: "0.3.2+9"
  flutter_google_places_sdk_android:
    dependency: transitive
    description:
      name: flutter_google_places_sdk_android
      sha256: "66f5435217901024023509ed8ac7d1ba9864d16411fcf3dc037b953e571833ea"
      url: "https://pub.dev"
    source: hosted
    version: "0.1.7"
  flutter_google_places_sdk_http:
    dependency: transitive
    description:
      name: flutter_google_places_sdk_http
      sha256: "585808090bd75aa80e0d595e6ad62f57657bb0278c0ded5b0ca886211a5e25fb"
      url: "https://pub.dev"
    source: hosted
    version: "0.1.0+0"
  flutter_google_places_sdk_ios:
    dependency: transitive
    description:
      name: flutter_google_places_sdk_ios
      sha256: dc85535025825f764110d9c2198c8dd63acd55d015c4b4851f0abd82fc3d9b8c
      url: "https://pub.dev"
    source: hosted
    version: "0.1.2+4"
  flutter_google_places_sdk_linux:
    dependency: transitive
    description:
      name: flutter_google_places_sdk_linux
      sha256: "9ecda24706b065c8b54bcfe90658f8300baa18df48f80982c1fd0b4a7a58cce2"
      url: "https://pub.dev"
    source: hosted
    version: "0.1.0+0"
  flutter_google_places_sdk_macos:
    dependency: transitive
    description:
      name: flutter_google_places_sdk_macos
      sha256: "93b292a58fa2b11a293b55e2ff33baab8c6c31869233faf0b017b985c77a61b9"
      url: "https://pub.dev"
    source: hosted
    version: "0.1.0+0"
  flutter_google_places_sdk_platform_interface:
    dependency: transitive
    description:
      name: flutter_google_places_sdk_platform_interface
      sha256: d1a43dbff550f27f25dece4e96277dcc911cde5be5ee525bb7aa1add179b3fa4
      url: "https://pub.dev"
    source: hosted
    version: "0.2.6"
  flutter_google_places_sdk_web:
    dependency: transitive
    description:
      name: flutter_google_places_sdk_web
      sha256: "3db130d55497979cb2b7337e7831bbe39b836aaff01e4565c970a489b0d793ac"
      url: "https://pub.dev"
    source: hosted
    version: "0.1.3+4"
  flutter_google_places_sdk_windows:
    dependency: transitive
    description:
      name: flutter_google_places_sdk_windows
      sha256: "4316a6c65603a41ce7fc8a402e8e9643a1470bdceff9c53ffde56ab56fb7a5ee"
      url: "https://pub.dev"
    source: hosted
    version: "0.1.0+1"
  flutter_lints:
    dependency: "direct dev"
    description:
      name: flutter_lints
      sha256: aeb0b80a8b3709709c9cc496cdc027c5b3216796bc0af0ce1007eaf24464fd4c
      url: "https://pub.dev"
    source: hosted
    version: "2.0.1"
  flutter_plugin_android_lifecycle:
    dependency: transitive
    description:
      name: flutter_plugin_android_lifecycle
      sha256: "60fc7b78455b94e6de2333d2f95196d32cf5c22f4b0b0520a628804cb463503b"
      url: "https://pub.dev"
    source: hosted
    version: "2.0.7"
  flutter_test:
    dependency: "direct dev"
    description: flutter
    source: sdk
    version: "0.0.0"
  flutter_web_plugins:
    dependency: transitive
    description: flutter
    source: sdk
    version: "0.0.0"
  freezed:
    dependency: "direct main"
    description:
      name: freezed
      sha256: "83462cfc33dc9680533a7f3a4a6ab60aa94f287db5f4ee6511248c22833c497f"
      url: "https://pub.dev"
    source: hosted
    version: "2.4.2"
  freezed_annotation:
    dependency: transitive
    description:
      name: freezed_annotation
      sha256: c3fd9336eb55a38cc1bbd79ab17573113a8deccd0ecbbf926cca3c62803b5c2d
      url: "https://pub.dev"
    source: hosted
    version: "2.4.1"
  geocoding:
    dependency: "direct main"
    description:
      name: geocoding
      sha256: b34c0501bbbaf3190b85bef3078b27cf66c28a8915c6d3af50d67f356aa7da31
      url: "https://pub.dev"
    source: hosted
    version: "2.1.0"
  geocoding_android:
    dependency: transitive
    description:
      name: geocoding_android
      sha256: "609db1d71bc364dd9d0616f72a41c01e0c74f3a3807efb85e0d5a67e57baf50f"
      url: "https://pub.dev"
    source: hosted
    version: "2.1.2"
  geocoding_ios:
    dependency: transitive
    description:
      name: geocoding_ios
      sha256: c85495ce8fb34e4fbd2dd8fc5f79263d622d9f88c4af948c965daf6b27a7f3a1
      url: "https://pub.dev"
    source: hosted
    version: "2.1.0"
  geocoding_platform_interface:
    dependency: transitive
    description:
      name: geocoding_platform_interface
      sha256: "8848605d307d844d89937cdb4b8ad7dfa880552078f310fa24d8a460f6dddab4"
      url: "https://pub.dev"
    source: hosted
    version: "2.0.1"
  geolocator:
    dependency: "direct main"
    description:
      name: geolocator
      sha256: e946395fc608842bb2f6c914807e9183f86f3cb787f6b8f832753e5251036f02
      url: "https://pub.dev"
    source: hosted
    version: "10.1.0"
  geolocator_android:
    dependency: transitive
    description:
      name: geolocator_android
      sha256: fb7fc45ce08714a17d1bb097c58b751a10c12255c35c3f64a3c6922222d93be2
      url: "https://pub.dev"
    source: hosted
    version: "4.3.0"
  geolocator_apple:
    dependency: transitive
    description:
      name: geolocator_apple
      sha256: "2c0187c84ca04fdb4e2b32a775dbe97448622a53f1c9ecb26d8b6b0df6e72b65"
      url: "https://pub.dev"
    source: hosted
    version: "2.3.1"
  geolocator_platform_interface:
    dependency: transitive
    description:
      name: geolocator_platform_interface
      sha256: b8cc1d3be0ca039a3f2174b0b026feab8af3610e220b8532e42cff8ec6658535
      url: "https://pub.dev"
    source: hosted
    version: "4.1.0"
  geolocator_web:
    dependency: transitive
    description:
      name: geolocator_web
      sha256: "59083f7e0871b78299918d92bf930a14377f711d2d1156c558cd5ebae6c20d58"
      url: "https://pub.dev"
    source: hosted
    version: "2.2.0"
  geolocator_windows:
    dependency: transitive
    description:
      name: geolocator_windows
      sha256: "8725beaa00db2b52f53d9811584cb4488240b250b04a09763e80945017f65c9c"
      url: "https://pub.dev"
    source: hosted
    version: "0.2.1"
  get:
    dependency: transitive
    description:
      name: get
      sha256: "2ba20a47c8f1f233bed775ba2dd0d3ac97b4cf32fc17731b3dfc672b06b0e92a"
      url: "https://pub.dev"
    source: hosted
    version: "4.6.5"
  glob:
    dependency: transitive
    description:
      name: glob
      sha256: c51b4fdfee4d281f49b8c957f1add91b815473597f76bcf07377987f66a55729
      url: "https://pub.dev"
    source: hosted
    version: "2.1.0"
  google_maps:
    dependency: transitive
    description:
      name: google_maps
      sha256: eb20a162d642599a05179e2d155b9e803899cb377764fdec9044fa7fa474bfb8
      url: "https://pub.dev"
    source: hosted
    version: "6.2.0"
  google_maps_flutter:
    dependency: "direct main"
    description:
      name: google_maps_flutter
      sha256: d4914cb38b3dcb62c39c085d968d434de0f8050f00f4d9f5ba4a7c7e004934cb
      url: "https://pub.dev"
    source: hosted
    version: "2.5.0"
  google_maps_flutter_android:
    dependency: transitive
    description:
      name: google_maps_flutter_android
      sha256: e6cb018169e49332f88d23b1d2119b09e8ab4e7d3a1b889a1b7b3fd113e034ba
      url: "https://pub.dev"
    source: hosted
    version: "2.5.1"
  google_maps_flutter_ios:
    dependency: transitive
    description:
      name: google_maps_flutter_ios
      sha256: "2a595c9789070786c654e9772ec0d1bb759ae37d2dd776291af5398531274e06"
      url: "https://pub.dev"
    source: hosted
    version: "2.3.1"
  google_maps_flutter_platform_interface:
    dependency: transitive
    description:
      name: google_maps_flutter_platform_interface
      sha256: a3e9e6896501e566d902c6c69f010834d410ef4b7b5c18b90c77e871c86b7907
      url: "https://pub.dev"
    source: hosted
    version: "2.4.1"
  google_maps_flutter_web:
    dependency: transitive
    description:
      name: google_maps_flutter_web
      sha256: f893d1542c6562bc8299ef768fbbe92ade83c220ab3209b9477ec9f81ad585e4
      url: "https://pub.dev"
    source: hosted
    version: "0.5.4+2"
  html:
    dependency: transitive
    description:
      name: html
      sha256: "3a7812d5bcd2894edf53dfaf8cd640876cf6cef50a8f238745c8b8120ea74d3a"
      url: "https://pub.dev"
    source: hosted
    version: "0.15.4"
  http:
    dependency: transitive
    description:
      name: http
      sha256: "6aa2946395183537c8b880962d935877325d6a09a2867c3970c05c0fed6ac482"
      url: "https://pub.dev"
    source: hosted
    version: "0.13.5"
  http_parser:
    dependency: transitive
    description:
      name: http_parser
      sha256: db3060f22889f3d9d55f6a217565486737037eec3609f7f3eca4d0c67ee0d8a0
      url: "https://pub.dev"
    source: hosted
    version: "4.0.1"
  image_picker:
    dependency: "direct main"
    description:
      name: image_picker
      sha256: "7d7f2768df2a8b0a3cefa5ef4f84636121987d403130e70b17ef7e2cf650ba84"
      url: "https://pub.dev"
    source: hosted
    version: "1.0.4"
  image_picker_android:
    dependency: transitive
    description:
      name: image_picker_android
      sha256: "0c7b83bbe2980c8a8e36e974f055e11e51675784e13a4762889feed0f3937ff2"
      url: "https://pub.dev"
    source: hosted
    version: "0.8.8+1"
  image_picker_for_web:
    dependency: transitive
    description:
      name: image_picker_for_web
      sha256: "50bc9ae6a77eea3a8b11af5eb6c661eeb858fdd2f734c2a4fd17086922347ef7"
      url: "https://pub.dev"
    source: hosted
    version: "3.0.1"
  image_picker_ios:
    dependency: transitive
    description:
      name: image_picker_ios
      sha256: c5538cacefacac733c724be7484377923b476216ad1ead35a0d2eadcdc0fc497
      url: "https://pub.dev"
    source: hosted
    version: "0.8.8+2"
  image_picker_linux:
    dependency: transitive
    description:
      name: image_picker_linux
      sha256: "4ed1d9bb36f7cd60aa6e6cd479779cc56a4cb4e4de8f49d487b1aaad831300fa"
      url: "https://pub.dev"
    source: hosted
    version: "0.2.1+1"
  image_picker_macos:
    dependency: transitive
    description:
      name: image_picker_macos
      sha256: "3f5ad1e8112a9a6111c46d0b57a7be2286a9a07fc6e1976fdf5be2bd31d4ff62"
      url: "https://pub.dev"
    source: hosted
    version: "0.2.1+1"
  image_picker_platform_interface:
    dependency: transitive
    description:
      name: image_picker_platform_interface
      sha256: ed9b00e63977c93b0d2d2b343685bed9c324534ba5abafbb3dfbd6a780b1b514
      url: "https://pub.dev"
    source: hosted
    version: "2.9.1"
  image_picker_windows:
    dependency: transitive
    description:
      name: image_picker_windows
      sha256: "6ad07afc4eb1bc25f3a01084d28520496c4a3bb0cb13685435838167c9dcedeb"
      url: "https://pub.dev"
    source: hosted
    version: "0.2.1+1"
  intl:
    dependency: "direct main"
    description:
      name: intl
      sha256: "910f85bce16fb5c6f614e117efa303e85a1731bb0081edf3604a2ae6e9a3cc91"
      url: "https://pub.dev"
    source: hosted
    version: "0.17.0"
  js:
    dependency: transitive
    description:
      name: js
      sha256: a5e201311cb08bf3912ebbe9a2be096e182d703f881136ec1e81a2338a9e120d
      url: "https://pub.dev"
    source: hosted
    version: "0.6.4"
  js_wrapping:
    dependency: transitive
    description:
      name: js_wrapping
      sha256: e385980f7c76a8c1c9a560dfb623b890975841542471eade630b2871d243851c
      url: "https://pub.dev"
    source: hosted
    version: "0.7.4"
  json_annotation:
    dependency: transitive
    description:
      name: json_annotation
      sha256: b10a7b2ff83d83c777edba3c6a0f97045ddadd56c944e1a23a3fdf43a1bf4467
      url: "https://pub.dev"
    source: hosted
    version: "4.8.1"
  latlong2:
    dependency: transitive
    description:
      name: latlong2
      sha256: "08ef7282ba9f76e8495e49e2dc4d653015ac929dce5f92b375a415d30b407ea0"
      url: "https://pub.dev"
    source: hosted
    version: "0.8.2"
  lints:
    dependency: transitive
    description:
      name: lints
      sha256: "5cfd6509652ff5e7fe149b6df4859e687fca9048437857cb2e65c8d780f396e3"
      url: "https://pub.dev"
    source: hosted
    version: "2.0.0"
  logging:
    dependency: transitive
    description:
      name: logging
      sha256: "293ae2d49fd79d4c04944c3a26dfd313382d5f52e821ec57119230ae16031ad4"
      url: "https://pub.dev"
    source: hosted
    version: "1.0.2"
  mask_text_input_formatter:
    dependency: "direct main"
    description:
      name: mask_text_input_formatter
      sha256: "2056a9b8303f71003b9c06c6f71443504f3ca9f4b79b1aa40c9f0f62f9d312cf"
      url: "https://pub.dev"
    source: hosted
    version: "2.5.0"
  matcher:
    dependency: transitive
    description:
      name: matcher
      sha256: "1803e76e6653768d64ed8ff2e1e67bea3ad4b923eb5c56a295c3e634bad5960e"
      url: "https://pub.dev"
    source: hosted
    version: "0.12.16"
  material_color_utilities:
    dependency: transitive
    description:
      name: material_color_utilities
      sha256: "9528f2f296073ff54cb9fee677df673ace1218163c3bc7628093e7eed5203d41"
      url: "https://pub.dev"
    source: hosted
    version: "0.5.0"
  meta:
    dependency: transitive
    description:
      name: meta
      sha256: "3c74dbf8763d36539f114c799d8a2d87343b5067e9d796ca22b5eb8437090ee3"
      url: "https://pub.dev"
    source: hosted
    version: "1.9.1"
  mime:
    dependency: transitive
    description:
      name: mime
      sha256: e4ff8e8564c03f255408decd16e7899da1733852a9110a58fe6d1b817684a63e
      url: "https://pub.dev"
    source: hosted
    version: "1.0.4"
  package_config:
    dependency: transitive
    description:
      name: package_config
      sha256: "1c5b77ccc91e4823a5af61ee74e6b972db1ef98c2ff5a18d3161c982a55448bd"
      url: "https://pub.dev"
    source: hosted
    version: "2.1.0"
  path:
    dependency: transitive
    description:
      name: path
      sha256: "8829d8a55c13fc0e37127c29fedf290c102f4e40ae94ada574091fe0ff96c917"
      url: "https://pub.dev"
    source: hosted
    version: "1.8.3"
  plugin_platform_interface:
    dependency: transitive
    description:
      name: plugin_platform_interface
      sha256: da3fdfeccc4d4ff2da8f8c556704c08f912542c5fb3cf2233ed75372384a034d
      url: "https://pub.dev"
    source: hosted
    version: "2.1.6"
  pub_semver:
    dependency: transitive
    description:
      name: pub_semver
      sha256: "816c1a640e952d213ddd223b3e7aafae08cd9f8e1f6864eed304cc13b0272b07"
      url: "https://pub.dev"
    source: hosted
    version: "2.1.1"
  pubspec_parse:
    dependency: transitive
    description:
      name: pubspec_parse
      sha256: "3686efe4a4613a4449b1a4ae08670aadbd3376f2e78d93e3f8f0919db02a7256"
      url: "https://pub.dev"
    source: hosted
    version: "1.2.0"
  sanitize_html:
    dependency: transitive
    description:
      name: sanitize_html
      sha256: "0a445f19bbaa196f5a4f93461aa066b94e6e025622eb1e9bc77872a5e25233a5"
      url: "https://pub.dev"
    source: hosted
    version: "2.0.0"
  sky_engine:
    dependency: transitive
    description: flutter
    source: sdk
    version: "0.0.99"
  source_gen:
    dependency: transitive
    description:
      name: source_gen
      sha256: fc0da689e5302edb6177fdd964efcb7f58912f43c28c2047a808f5bfff643d16
      url: "https://pub.dev"
    source: hosted
    version: "1.4.0"
  source_span:
    dependency: transitive
    description:
      name: source_span
      sha256: "53e943d4206a5e30df338fd4c6e7a077e02254531b138a15aec3bd143c1a8b3c"
      url: "https://pub.dev"
    source: hosted
    version: "1.10.0"
  stack_trace:
    dependency: transitive
    description:
      name: stack_trace
      sha256: c3c7d8edb15bee7f0f74debd4b9c5f3c2ea86766fe4178eb2a18eb30a0bdaed5
      url: "https://pub.dev"
    source: hosted
    version: "1.11.0"
  stream_channel:
    dependency: transitive
    description:
      name: stream_channel
      sha256: "83615bee9045c1d322bbbd1ba209b7a749c2cbcdcb3fdd1df8eb488b3279c1c8"
      url: "https://pub.dev"
    source: hosted
    version: "2.1.1"
  stream_transform:
    dependency: transitive
    description:
      name: stream_transform
      sha256: ed464977cb26a1f41537e177e190c67223dbd9f4f683489b6ab2e5d211ec564e
      url: "https://pub.dev"
    source: hosted
    version: "2.0.0"
  string_scanner:
    dependency: transitive
    description:
      name: string_scanner
      sha256: "556692adab6cfa87322a115640c11f13cb77b3f076ddcc5d6ae3c20242bedcde"
      url: "https://pub.dev"
    source: hosted
    version: "1.2.0"
  term_glyph:
    dependency: transitive
    description:
      name: term_glyph
      sha256: a29248a84fbb7c79282b40b8c72a1209db169a2e0542bce341da992fe1bc7e84
      url: "https://pub.dev"
    source: hosted
    version: "1.2.1"
  test_api:
    dependency: transitive
    description:
      name: test_api
      sha256: "75760ffd7786fffdfb9597c35c5b27eaeec82be8edfb6d71d32651128ed7aab8"
      url: "https://pub.dev"
    source: hosted
    version: "0.6.0"
  typed_data:
    dependency: transitive
    description:
      name: typed_data
      sha256: "26f87ade979c47a150c9eaab93ccd2bebe70a27dc0b4b29517f2904f04eb11a5"
      url: "https://pub.dev"
    source: hosted
    version: "1.3.1"
  uuid:
    dependency: transitive
    description:
      name: uuid
      sha256: "648e103079f7c64a36dc7d39369cabb358d377078a051d6ae2ad3aa539519313"
      url: "https://pub.dev"
    source: hosted
    version: "3.0.7"
  vector_math:
    dependency: transitive
    description:
      name: vector_math
      sha256: "80b3257d1492ce4d091729e3a67a60407d227c27241d6927be0130c98e741803"
      url: "https://pub.dev"
    source: hosted
    version: "2.1.4"
  watcher:
    dependency: transitive
    description:
      name: watcher
      sha256: e42dfcc48f67618344da967b10f62de57e04bae01d9d3af4c2596f3712a88c99
      url: "https://pub.dev"
    source: hosted
    version: "1.0.1"
  web:
    dependency: transitive
    description:
      name: web
      sha256: dc8ccd225a2005c1be616fe02951e2e342092edf968cf0844220383757ef8f10
      url: "https://pub.dev"
    source: hosted
    version: "0.1.4-beta"
  yaml:
    dependency: transitive
    description:
      name: yaml
      sha256: "23812a9b125b48d4007117254bca50abb6c712352927eece9e155207b1db2370"
      url: "https://pub.dev"
    source: hosted
    version: "3.1.1"
sdks:
  dart: ">=3.1.0 <4.0.0"
  flutter: ">=3.13.0"
